
Microsoft Visual Studio Solution File, Format Version 12.00
# Visual Studio 14
VisualStudioVersion = 14.0.25420.1
MinimumVisualStudioVersion = 10.0.40219.1
Project("{FAE04EC0-301F-11D3-BF4B-00C04F79EFBC}") = "EloSystem", "EloSystem\EloSystem.csproj", "{0D7B55EE-364B-4609-A20C-AA622705E729}"
EndProject
Project("{FAE04EC0-301F-11D3-BF4B-00C04F79EFBC}") = "SCEloSystemGUI", "SCEloSystemGUI\SCEloSystemGUI.csproj", "{185B00F0-C788-4AC8-BF06-27492751299B}"
EndProject
Project("{FAE04EC0-301F-11D3-BF4B-00C04F79EFBC}") = "EloSystemExtensions", "EloSystemExtensions\EloSystemExtensions.csproj", "{8D7DA54A-D358-466F-BAF1-1EF481433C6E}"
EndProject
Project("{54435603-DBB4-11D2-8724-00A0C9A8B90C}") = "SC Elo System Setup", "SC Elo System Setup\SC Elo System Setup.vdproj", "{1ECC5ACF-8BC7-40F2-8DE7-4CCC3C1A5F49}"
EndProject
Global
	GlobalSection(SolutionConfigurationPlatforms) = preSolution
		Debug|Any CPU = Debug|Any CPU
		Release|Any CPU = Release|Any CPU
	EndGlobalSection
	GlobalSection(ProjectConfigurationPlatforms) = postSolution
		{0D7B55EE-364B-4609-A20C-AA622705E729}.Debug|Any CPU.ActiveCfg = Debug|Any CPU
		{0D7B55EE-364B-4609-A20C-AA622705E729}.Debug|Any CPU.Build.0 = Debug|Any CPU
		{0D7B55EE-364B-4609-A20C-AA622705E729}.Release|Any CPU.ActiveCfg = Release|Any CPU
		{0D7B55EE-364B-4609-A20C-AA622705E729}.Release|Any CPU.Build.0 = Release|Any CPU
		{185B00F0-C788-4AC8-BF06-27492751299B}.Debug|Any CPU.ActiveCfg = Debug|Any CPU
		{185B00F0-C788-4AC8-BF06-27492751299B}.Debug|Any CPU.Build.0 = Debug|Any CPU
		{185B00F0-C788-4AC8-BF06-27492751299B}.Release|Any CPU.ActiveCfg = Release|Any CPU
		{185B00F0-C788-4AC8-BF06-27492751299B}.Release|Any CPU.Build.0 = Release|Any CPU
		{8D7DA54A-D358-466F-BAF1-1EF481433C6E}.Debug|Any CPU.ActiveCfg = Debug|Any CPU
		{8D7DA54A-D358-466F-BAF1-1EF481433C6E}.Debug|Any CPU.Build.0 = Debug|Any CPU
		{8D7DA54A-D358-466F-BAF1-1EF481433C6E}.Release|Any CPU.ActiveCfg = Release|Any CPU
		{8D7DA54A-D358-466F-BAF1-1EF481433C6E}.Release|Any CPU.Build.0 = Release|Any CPU
		{1ECC5ACF-8BC7-40F2-8DE7-4CCC3C1A5F49}.Debug|Any CPU.ActiveCfg = Debug
		{1ECC5ACF-8BC7-40F2-8DE7-4CCC3C1A5F49}.Debug|Any CPU.Build.0 = Debug
		{1ECC5ACF-8BC7-40F2-8DE7-4CCC3C1A5F49}.Release|Any CPU.ActiveCfg = Release
		{1ECC5ACF-8BC7-40F2-8DE7-4CCC3C1A5F49}.Release|Any CPU.Build.0 = Release
		{1ECC5ACF-8BC7-40F2-8DE7-4CCC3C1A5F49}.Release|Any CPU.Deploy.0 = Release
	EndGlobalSection
	GlobalSection(SolutionProperties) = preSolution
		HideSolutionNode = FALSE
	EndGlobalSection
EndGlobal
